
Microsoft Visual Studio Solution File, Format Version 12.00
# Visual Studio 15
VisualStudioVersion = 15.0.28307.1231
MinimumVisualStudioVersion = 10.0.40219.1
Project("{FAE04EC0-301F-11D3-BF4B-00C04F79EFBC}") = "IndeedScraper", "IndeedScraper.csproj", "{15F34B87-25D1-4918-80BC-57713E8A2DA6}"
EndProject
Project("{FAE04EC0-301F-11D3-BF4B-00C04F79EFBC}") = "IndeedApi", "IndeedApi\IndeedApi.csproj", "{855A1ACE-4B3C-401B-82DE-15E27EB6E533}"
EndProject
Global
	GlobalSection(SolutionConfigurationPlatforms) = preSolution
		Debug|Any CPU = Debug|Any CPU
		Release|Any CPU = Release|Any CPU
	EndGlobalSection
	GlobalSection(ProjectConfigurationPlatforms) = postSolution
		{15F34B87-25D1-4918-80BC-57713E8A2DA6}.Debug|Any CPU.ActiveCfg = Debug|Any CPU
		{15F34B87-25D1-4918-80BC-57713E8A2DA6}.Debug|Any CPU.Build.0 = Debug|Any CPU
		{15F34B87-25D1-4918-80BC-57713E8A2DA6}.Release|Any CPU.ActiveCfg = Release|Any CPU
		{15F34B87-25D1-4918-80BC-57713E8A2DA6}.Release|Any CPU.Build.0 = Release|Any CPU
		{855A1ACE-4B3C-401B-82DE-15E27EB6E533}.Debug|Any CPU.ActiveCfg = Debug|Any CPU
		{855A1ACE-4B3C-401B-82DE-15E27EB6E533}.Debug|Any CPU.Build.0 = Debug|Any CPU
		{855A1ACE-4B3C-401B-82DE-15E27EB6E533}.Release|Any CPU.ActiveCfg = Release|Any CPU
		{855A1ACE-4B3C-401B-82DE-15E27EB6E533}.Release|Any CPU.Build.0 = Release|Any CPU
	EndGlobalSection
	GlobalSection(SolutionProperties) = preSolution
		HideSolutionNode = FALSE
	EndGlobalSection
	GlobalSection(ExtensibilityGlobals) = postSolution
		SolutionGuid = {1BA8F791-B333-450A-B912-89E60AFFC2C2}
	EndGlobalSection
EndGlobal
